
Microsoft Visual Studio Solution File, Format Version 12.00
# Visual Studio Version 16
VisualStudioVersion = 16.0.31105.61
MinimumVisualStudioVersion = 10.0.40219.1
Project("{FAE04EC0-301F-11D3-BF4B-00C04F79EFBC}") = "ReturnMethod", "ReturnMethod\ReturnMethod.csproj", "{9DD12D3F-D7EA-45BF-B2B3-C4960BD2A3B4}"
EndProject
Global
	GlobalSection(SolutionConfigurationPlatforms) = preSolution
		Debug|Any CPU = Debug|Any CPU
		Release|Any CPU = Release|Any CPU
	EndGlobalSection
	GlobalSection(ProjectConfigurationPlatforms) = postSolution
		{9DD12D3F-D7EA-45BF-B2B3-C4960BD2A3B4}.Debug|Any CPU.ActiveCfg = Debug|Any CPU
		{9DD12D3F-D7EA-45BF-B2B3-C4960BD2A3B4}.Debug|Any CPU.Build.0 = Debug|Any CPU
		{9DD12D3F-D7EA-45BF-B2B3-C4960BD2A3B4}.Release|Any CPU.ActiveCfg = Release|Any CPU
		{9DD12D3F-D7EA-45BF-B2B3-C4960BD2A3B4}.Release|Any CPU.Build.0 = Release|Any CPU
	EndGlobalSection
	GlobalSection(SolutionProperties) = preSolution
		HideSolutionNode = FALSE
	EndGlobalSection
	GlobalSection(ExtensibilityGlobals) = postSolution
		SolutionGuid = {7757FB57-806A-4282-8D0C-5FB856B228DA}
	EndGlobalSection
EndGlobal
